// !$*UTF8*$!
{
	archiveVersion = 1;
	classes = {
	};
	objectVersion = 46;
	objects = {

/* Begin PBXBuildFile section */
		D056D24719A54A27000BE74C /* CDDetalleViewController.m in Sources */ = {isa = PBXBuildFile; fileRef = D056D24619A54A27000BE74C /* CDDetalleViewController.m */; };
		D056D24A19A56597000BE74C /* CDLoginEmployeeViewController.m in Sources */ = {isa = PBXBuildFile; fileRef = D056D24919A56597000BE74C /* CDLoginEmployeeViewController.m */; };
		D056D24D19A565DD000BE74C /* CDEmployeePerfilViewController.m in Sources */ = {isa = PBXBuildFile; fileRef = D056D24C19A565DD000BE74C /* CDEmployeePerfilViewController.m */; };
		D056D25019A5661A000BE74C /* CDCreatePackageViewController.m in Sources */ = {isa = PBXBuildFile; fileRef = D056D24F19A5661A000BE74C /* CDCreatePackageViewController.m */; };
		D056D25319A56798000BE74C /* CDAccessEmployee.m in Sources */ = {isa = PBXBuildFile; fileRef = D056D25219A56798000BE74C /* CDAccessEmployee.m */; };
		D056D25619A5C1CB000BE74C /* CDAccessBilling.m in Sources */ = {isa = PBXBuildFile; fileRef = D056D25519A5C1CB000BE74C /* CDAccessBilling.m */; };
		D056D25A19A5C4D9000BE74C /* camion.png in Resources */ = {isa = PBXBuildFile; fileRef = D056D25919A5C4D9000BE74C /* camion.png */; };
		D056D25C19A5C532000BE74C /* mapa.png in Resources */ = {isa = PBXBuildFile; fileRef = D056D25B19A5C532000BE74C /* mapa.png */; };
		D056D25E19A5C756000BE74C /* wallet.png in Resources */ = {isa = PBXBuildFile; fileRef = D056D25D19A5C756000BE74C /* wallet.png */; };
		D056D26019A5C7B1000BE74C /* package.png in Resources */ = {isa = PBXBuildFile; fileRef = D056D25F19A5C7B1000BE74C /* package.png */; };
		D056D26219A5C802000BE74C /* user.png in Resources */ = {isa = PBXBuildFile; fileRef = D056D26119A5C802000BE74C /* user.png */; };
		D056D26419A5C8E9000BE74C /* bill.png in Resources */ = {isa = PBXBuildFile; fileRef = D056D26319A5C8E9000BE74C /* bill.png */; };
		D056D26619A5CBB6000BE74C /* employee.png in Resources */ = {isa = PBXBuildFile; fileRef = D056D26519A5CBB6000BE74C /* employee.png */; };
		D056D26B19A5D1DA000BE74C /* CDBillingListViewController.m in Sources */ = {isa = PBXBuildFile; fileRef = D056D26A19A5D1DA000BE74C /* CDBillingListViewController.m */; };
		D056D26E19A5D4A8000BE74C /* CDBillingDetailsViewController.m in Sources */ = {isa = PBXBuildFile; fileRef = D056D26D19A5D4A8000BE74C /* CDBillingDetailsViewController.m */; };
		D056D27019A5D635000BE74C /* money.png in Resources */ = {isa = PBXBuildFile; fileRef = D056D26F19A5D635000BE74C /* money.png */; };
		D056D27619A5D884000BE74C /* CDCreateNewEmployeeViewController.m in Sources */ = {isa = PBXBuildFile; fileRef = D056D27519A5D884000BE74C /* CDCreateNewEmployeeViewController.m */; };
		D056D27819A5DD7F000BE74C /* empoyee3.png in Resources */ = {isa = PBXBuildFile; fileRef = D056D27719A5DD7F000BE74C /* empoyee3.png */; };
		D058B18419A8881E000CEF36 /* package2.png in Resources */ = {isa = PBXBuildFile; fileRef = D058B18319A8881E000CEF36 /* package2.png */; };
		D08622A119A6C1C20016FAF5 /* CDAccessContainers.m in Sources */ = {isa = PBXBuildFile; fileRef = D08622A019A6C1C20016FAF5 /* CDAccessContainers.m */; };
		D08622A419A6C4230016FAF5 /* CDContainerRoute.m in Sources */ = {isa = PBXBuildFile; fileRef = D08622A319A6C4230016FAF5 /* CDContainerRoute.m */; };
		D08622A819A6F16C0016FAF5 /* MBProgressHUD.m in Sources */ = {isa = PBXBuildFile; fileRef = D08622A719A6F16C0016FAF5 /* MBProgressHUD.m */; };
		D08720261992ECA400D13BA5 /* Foundation.framework in Frameworks */ = {isa = PBXBuildFile; fileRef = D08720251992ECA400D13BA5 /* Foundation.framework */; };
		D08720281992ECA400D13BA5 /* CoreGraphics.framework in Frameworks */ = {isa = PBXBuildFile; fileRef = D08720271992ECA400D13BA5 /* CoreGraphics.framework */; };
		D087202A1992ECA400D13BA5 /* UIKit.framework in Frameworks */ = {isa = PBXBuildFile; fileRef = D08720291992ECA400D13BA5 /* UIKit.framework */; };
		D08720301992ECA400D13BA5 /* InfoPlist.strings in Resources */ = {isa = PBXBuildFile; fileRef = D087202E1992ECA400D13BA5 /* InfoPlist.strings */; };
		D08720321992ECA400D13BA5 /* main.m in Sources */ = {isa = PBXBuildFile; fileRef = D08720311992ECA400D13BA5 /* main.m */; };
		D08720361992ECA400D13BA5 /* AppDelegate.m in Sources */ = {isa = PBXBuildFile; fileRef = D08720351992ECA400D13BA5 /* AppDelegate.m */; };
		D08720391992ECA400D13BA5 /* Main.storyboard in Resources */ = {isa = PBXBuildFile; fileRef = D08720371992ECA400D13BA5 /* Main.storyboard */; };
		D08720451992ECA400D13BA5 /* XCTest.framework in Frameworks */ = {isa = PBXBuildFile; fileRef = D08720441992ECA400D13BA5 /* XCTest.framework */; };
		D08720461992ECA400D13BA5 /* Foundation.framework in Frameworks */ = {isa = PBXBuildFile; fileRef = D08720251992ECA400D13BA5 /* Foundation.framework */; };
		D08720471992ECA400D13BA5 /* UIKit.framework in Frameworks */ = {isa = PBXBuildFile; fileRef = D08720291992ECA400D13BA5 /* UIKit.framework */; };
		D087204F1992ECA400D13BA5 /* InfoPlist.strings in Resources */ = {isa = PBXBuildFile; fileRef = D087204D1992ECA400D13BA5 /* InfoPlist.strings */; };
		D08720511992ECA400D13BA5 /* cargoDispatcherTests.m in Sources */ = {isa = PBXBuildFile; fileRef = D08720501992ECA400D13BA5 /* cargoDispatcherTests.m */; };
		D087205C1992EFAE00D13BA5 /* CDLoginViewController.m in Sources */ = {isa = PBXBuildFile; fileRef = D087205B1992EFAE00D13BA5 /* CDLoginViewController.m */; };
		D08720641992F2E700D13BA5 /* CDEmployee.m in Sources */ = {isa = PBXBuildFile; fileRef = D08720631992F2E700D13BA5 /* CDEmployee.m */; };
		D08720671992F30E00D13BA5 /* CDCustomer.m in Sources */ = {isa = PBXBuildFile; fileRef = D08720661992F30E00D13BA5 /* CDCustomer.m */; };
		D087206A1992F36700D13BA5 /* CDBilling.m in Sources */ = {isa = PBXBuildFile; fileRef = D08720691992F36700D13BA5 /* CDBilling.m */; };
		D087206D1992F3AC00D13BA5 /* CDPackage.m in Sources */ = {isa = PBXBuildFile; fileRef = D087206C1992F3AC00D13BA5 /* CDPackage.m */; };
		D08720701992F3EE00D13BA5 /* CDContainerManager.m in Sources */ = {isa = PBXBuildFile; fileRef = D087206F1992F3EE00D13BA5 /* CDContainerManager.m */; };
		D08720731992F42A00D13BA5 /* CDContainer.m in Sources */ = {isa = PBXBuildFile; fileRef = D08720721992F42A00D13BA5 /* CDContainer.m */; };
		D08720761992F44500D13BA5 /* CDRoute.m in Sources */ = {isa = PBXBuildFile; fileRef = D08720751992F44500D13BA5 /* CDRoute.m */; };
		D087207A1992F56800D13BA5 /* CDAccessCustomer.m in Sources */ = {isa = PBXBuildFile; fileRef = D08720791992F56800D13BA5 /* CDAccessCustomer.m */; };
		D0B7FE2319A157B900C5CF0A /* CDPerfilViewController.m in Sources */ = {isa = PBXBuildFile; fileRef = D0B7FE2219A157B900C5CF0A /* CDPerfilViewController.m */; };
		D0B7FE2619A177BA00C5CF0A /* CDAccessPackages.m in Sources */ = {isa = PBXBuildFile; fileRef = D0B7FE2519A177BA00C5CF0A /* CDAccessPackages.m */; };
		D0B7FE3119A1808000C5CF0A /* CDPackagesListViewController.m in Sources */ = {isa = PBXBuildFile; fileRef = D0B7FE3019A1808000C5CF0A /* CDPackagesListViewController.m */; };
		D0E2F6AB19A83553009AF928 /* Images.xcassets in Resources */ = {isa = PBXBuildFile; fileRef = D0E2F6AA19A83553009AF928 /* Images.xcassets */; };
		D0E2F6AD19A835D9009AF928 /* app 2.png in Resources */ = {isa = PBXBuildFile; fileRef = D0E2F6AC19A835D9009AF928 /* app 2.png */; };
		D0E2F6AF19A835E1009AF928 /* app.png in Resources */ = {isa = PBXBuildFile; fileRef = D0E2F6AE19A835E1009AF928 /* app.png */; };
		D0E2F6B119A83638009AF928 /* app 3.png in Resources */ = {isa = PBXBuildFile; fileRef = D0E2F6B019A83638009AF928 /* app 3.png */; };
		D0FFFBE319A00962004AC914 /* PeticionesApi.m in Sources */ = {isa = PBXBuildFile; fileRef = D0FFFBE219A00962004AC914 /* PeticionesApi.m */; };
/* End PBXBuildFile section */

/* Begin PBXContainerItemProxy section */
		D08720481992ECA400D13BA5 /* PBXContainerItemProxy */ = {
			isa = PBXContainerItemProxy;
			containerPortal = D087201A1992ECA400D13BA5 /* Project object */;
			proxyType = 1;
			remoteGlobalIDString = D08720211992ECA400D13BA5;
			remoteInfo = cargoDispatcher;
		};
/* End PBXContainerItemProxy section */

/* Begin PBXFileReference section */
		D056D24519A54A27000BE74C /* CDDetalleViewController.h */ = {isa = PBXFileReference; fileEncoding = 4; lastKnownFileType = sourcecode.c.h; path = CDDetalleViewController.h; sourceTree = "<group>"; };
		D056D24619A54A27000BE74C /* CDDetalleViewController.m */ = {isa = PBXFileReference; fileEncoding = 4; lastKnownFileType = sourcecode.c.objc; path = CDDetalleViewController.m; sourceTree = "<group>"; };
		D056D24819A56597000BE74C /* CDLoginEmployeeViewController.h */ = {isa = PBXFileReference; fileEncoding = 4; lastKnownFileType = sourcecode.c.h; path = CDLoginEmployeeViewController.h; sourceTree = "<group>"; };
		D056D24919A56597000BE74C /* CDLoginEmployeeViewController.m */ = {isa = PBXFileReference; fileEncoding = 4; lastKnownFileType = sourcecode.c.objc; path = CDLoginEmployeeViewController.m; sourceTree = "<group>"; };
		D056D24B19A565DD000BE74C /* CDEmployeePerfilViewController.h */ = {isa = PBXFileReference; fileEncoding = 4; lastKnownFileType = sourcecode.c.h; path = CDEmployeePerfilViewController.h; sourceTree = "<group>"; };
		D056D24C19A565DD000BE74C /* CDEmployeePerfilViewController.m */ = {isa = PBXFileReference; fileEncoding = 4; lastKnownFileType = sourcecode.c.objc; path = CDEmployeePerfilViewController.m; sourceTree = "<group>"; };
		D056D24E19A5661A000BE74C /* CDCreatePackageViewController.h */ = {isa = PBXFileReference; fileEncoding = 4; lastKnownFileType = sourcecode.c.h; path = CDCreatePackageViewController.h; sourceTree = "<group>"; };
		D056D24F19A5661A000BE74C /* CDCreatePackageViewController.m */ = {isa = PBXFileReference; fileEncoding = 4; lastKnownFileType = sourcecode.c.objc; path = CDCreatePackageViewController.m; sourceTree = "<group>"; };
		D056D25119A56798000BE74C /* CDAccessEmployee.h */ = {isa = PBXFileReference; fileEncoding = 4; lastKnownFileType = sourcecode.c.h; path = CDAccessEmployee.h; sourceTree = "<group>"; };
		D056D25219A56798000BE74C /* CDAccessEmployee.m */ = {isa = PBXFileReference; fileEncoding = 4; lastKnownFileType = sourcecode.c.objc; path = CDAccessEmployee.m; sourceTree = "<group>"; };
		D056D25419A5C1CB000BE74C /* CDAccessBilling.h */ = {isa = PBXFileReference; fileEncoding = 4; lastKnownFileType = sourcecode.c.h; path = CDAccessBilling.h; sourceTree = "<group>"; };
		D056D25519A5C1CB000BE74C /* CDAccessBilling.m */ = {isa = PBXFileReference; fileEncoding = 4; lastKnownFileType = sourcecode.c.objc; path = CDAccessBilling.m; sourceTree = "<group>"; };
		D056D25919A5C4D9000BE74C /* camion.png */ = {isa = PBXFileReference; lastKnownFileType = image.png; path = camion.png; sourceTree = "<group>"; };
		D056D25B19A5C532000BE74C /* mapa.png */ = {isa = PBXFileReference; lastKnownFileType = image.png; path = mapa.png; sourceTree = "<group>"; };
		D056D25D19A5C756000BE74C /* wallet.png */ = {isa = PBXFileReference; lastKnownFileType = image.png; path = wallet.png; sourceTree = "<group>"; };
		D056D25F19A5C7B1000BE74C /* package.png */ = {isa = PBXFileReference; lastKnownFileType = image.png; path = package.png; sourceTree = "<group>"; };
		D056D26119A5C802000BE74C /* user.png */ = {isa = PBXFileReference; lastKnownFileType = image.png; path = user.png; sourceTree = "<group>"; };
		D056D26319A5C8E9000BE74C /* bill.png */ = {isa = PBXFileReference; lastKnownFileType = image.png; path = bill.png; sourceTree = "<group>"; };
		D056D26519A5CBB6000BE74C /* employee.png */ = {isa = PBXFileReference; lastKnownFileType = image.png; path = employee.png; sourceTree = "<group>"; };
		D056D26919A5D1DA000BE74C /* CDBillingListViewController.h */ = {isa = PBXFileReference; fileEncoding = 4; lastKnownFileType = sourcecode.c.h; path = CDBillingListViewController.h; sourceTree = "<group>"; };
		D056D26A19A5D1DA000BE74C /* CDBillingListViewController.m */ = {isa = PBXFileReference; fileEncoding = 4; lastKnownFileType = sourcecode.c.objc; path = CDBillingListViewController.m; sourceTree = "<group>"; };
		D056D26C19A5D4A8000BE74C /* CDBillingDetailsViewController.h */ = {isa = PBXFileReference; fileEncoding = 4; lastKnownFileType = sourcecode.c.h; path = CDBillingDetailsViewController.h; sourceTree = "<group>"; };
		D056D26D19A5D4A8000BE74C /* CDBillingDetailsViewController.m */ = {isa = PBXFileReference; fileEncoding = 4; lastKnownFileType = sourcecode.c.objc; path = CDBillingDetailsViewController.m; sourceTree = "<group>"; };
		D056D26F19A5D635000BE74C /* money.png */ = {isa = PBXFileReference; lastKnownFileType = image.png; path = money.png; sourceTree = "<group>"; };
		D056D27419A5D884000BE74C /* CDCreateNewEmployeeViewController.h */ = {isa = PBXFileReference; fileEncoding = 4; lastKnownFileType = sourcecode.c.h; path = CDCreateNewEmployeeViewController.h; sourceTree = "<group>"; };
		D056D27519A5D884000BE74C /* CDCreateNewEmployeeViewController.m */ = {isa = PBXFileReference; fileEncoding = 4; lastKnownFileType = sourcecode.c.objc; path = CDCreateNewEmployeeViewController.m; sourceTree = "<group>"; };
		D056D27719A5DD7F000BE74C /* empoyee3.png */ = {isa = PBXFileReference; lastKnownFileType = image.png; path = empoyee3.png; sourceTree = "<group>"; };
		D058B18319A8881E000CEF36 /* package2.png */ = {isa = PBXFileReference; lastKnownFileType = image.png; path = package2.png; sourceTree = "<group>"; };
		D086229F19A6C1C20016FAF5 /* CDAccessContainers.h */ = {isa = PBXFileReference; fileEncoding = 4; lastKnownFileType = sourcecode.c.h; path = CDAccessContainers.h; sourceTree = "<group>"; };
		D08622A019A6C1C20016FAF5 /* CDAccessContainers.m */ = {isa = PBXFileReference; fileEncoding = 4; lastKnownFileType = sourcecode.c.objc; path = CDAccessContainers.m; sourceTree = "<group>"; };
		D08622A219A6C4230016FAF5 /* CDContainerRoute.h */ = {isa = PBXFileReference; fileEncoding = 4; lastKnownFileType = sourcecode.c.h; path = CDContainerRoute.h; sourceTree = "<group>"; };
		D08622A319A6C4230016FAF5 /* CDContainerRoute.m */ = {isa = PBXFileReference; fileEncoding = 4; lastKnownFileType = sourcecode.c.objc; path = CDContainerRoute.m; sourceTree = "<group>"; };
		D08622A619A6F16C0016FAF5 /* MBProgressHUD.h */ = {isa = PBXFileReference; fileEncoding = 4; lastKnownFileType = sourcecode.c.h; path = MBProgressHUD.h; sourceTree = "<group>"; };
		D08622A719A6F16C0016FAF5 /* MBProgressHUD.m */ = {isa = PBXFileReference; fileEncoding = 4; lastKnownFileType = sourcecode.c.objc; path = MBProgressHUD.m; sourceTree = "<group>"; };
		D08720221992ECA400D13BA5 /* cargoDispatcher.app */ = {isa = PBXFileReference; explicitFileType = wrapper.application; includeInIndex = 0; path = cargoDispatcher.app; sourceTree = BUILT_PRODUCTS_DIR; };
		D08720251992ECA400D13BA5 /* Foundation.framework */ = {isa = PBXFileReference; lastKnownFileType = wrapper.framework; name = Foundation.framework; path = System/Library/Frameworks/Foundation.framework; sourceTree = SDKROOT; };
		D08720271992ECA400D13BA5 /* CoreGraphics.framework */ = {isa = PBXFileReference; lastKnownFileType = wrapper.framework; name = CoreGraphics.framework; path = System/Library/Frameworks/CoreGraphics.framework; sourceTree = SDKROOT; };
		D08720291992ECA400D13BA5 /* UIKit.framework */ = {isa = PBXFileReference; lastKnownFileType = wrapper.framework; name = UIKit.framework; path = System/Library/Frameworks/UIKit.framework; sourceTree = SDKROOT; };
		D087202D1992ECA400D13BA5 /* cargoDispatcher-Info.plist */ = {isa = PBXFileReference; lastKnownFileType = text.plist.xml; path = "cargoDispatcher-Info.plist"; sourceTree = "<group>"; };
		D087202F1992ECA400D13BA5 /* en */ = {isa = PBXFileReference; lastKnownFileType = text.plist.strings; name = en; path = en.lproj/InfoPlist.strings; sourceTree = "<group>"; };
		D08720311992ECA400D13BA5 /* main.m */ = {isa = PBXFileReference; lastKnownFileType = sourcecode.c.objc; path = main.m; sourceTree = "<group>"; };
		D08720331992ECA400D13BA5 /* cargoDispatcher-Prefix.pch */ = {isa = PBXFileReference; lastKnownFileType = sourcecode.c.h; path = "cargoDispatcher-Prefix.pch"; sourceTree = "<group>"; };
		D08720341992ECA400D13BA5 /* AppDelegate.h */ = {isa = PBXFileReference; lastKnownFileType = sourcecode.c.h; path = AppDelegate.h; sourceTree = "<group>"; };
		D08720351992ECA400D13BA5 /* AppDelegate.m */ = {isa = PBXFileReference; lastKnownFileType = sourcecode.c.objc; path = AppDelegate.m; sourceTree = "<group>"; };
		D08720381992ECA400D13BA5 /* Base */ = {isa = PBXFileReference; lastKnownFileType = file.storyboard; name = Base; path = Base.lproj/Main.storyboard; sourceTree = "<group>"; };
		D08720431992ECA400D13BA5 /* cargoDispatcherTests.xctest */ = {isa = PBXFileReference; explicitFileType = wrapper.cfbundle; includeInIndex = 0; path = cargoDispatcherTests.xctest; sourceTree = BUILT_PRODUCTS_DIR; };
		D08720441992ECA400D13BA5 /* XCTest.framework */ = {isa = PBXFileReference; lastKnownFileType = wrapper.framework; name = XCTest.framework; path = Library/Frameworks/XCTest.framework; sourceTree = DEVELOPER_DIR; };
		D087204C1992ECA400D13BA5 /* cargoDispatcherTests-Info.plist */ = {isa = PBXFileReference; lastKnownFileType = text.plist.xml; path = "cargoDispatcherTests-Info.plist"; sourceTree = "<group>"; };
		D087204E1992ECA400D13BA5 /* en */ = {isa = PBXFileReference; lastKnownFileType = text.plist.strings; name = en; path = en.lproj/InfoPlist.strings; sourceTree = "<group>"; };
		D08720501992ECA400D13BA5 /* cargoDispatcherTests.m */ = {isa = PBXFileReference; lastKnownFileType = sourcecode.c.objc; path = cargoDispatcherTests.m; sourceTree = "<group>"; };
		D087205A1992EFAE00D13BA5 /* CDLoginViewController.h */ = {isa = PBXFileReference; fileEncoding = 4; lastKnownFileType = sourcecode.c.h; path = CDLoginViewController.h; sourceTree = "<group>"; };
		D087205B1992EFAE00D13BA5 /* CDLoginViewController.m */ = {isa = PBXFileReference; fileEncoding = 4; lastKnownFileType = sourcecode.c.objc; path = CDLoginViewController.m; sourceTree = "<group>"; };
		D08720621992F2E700D13BA5 /* CDEmployee.h */ = {isa = PBXFileReference; fileEncoding = 4; lastKnownFileType = sourcecode.c.h; path = CDEmployee.h; sourceTree = "<group>"; };
		D08720631992F2E700D13BA5 /* CDEmployee.m */ = {isa = PBXFileReference; fileEncoding = 4; lastKnownFileType = sourcecode.c.objc; path = CDEmployee.m; sourceTree = "<group>"; };
		D08720651992F30E00D13BA5 /* CDCustomer.h */ = {isa = PBXFileReference; fileEncoding = 4; lastKnownFileType = sourcecode.c.h; path = CDCustomer.h; sourceTree = "<group>"; };
		D08720661992F30E00D13BA5 /* CDCustomer.m */ = {isa = PBXFileReference; fileEncoding = 4; lastKnownFileType = sourcecode.c.objc; path = CDCustomer.m; sourceTree = "<group>"; };
		D08720681992F36700D13BA5 /* CDBilling.h */ = {isa = PBXFileReference; fileEncoding = 4; lastKnownFileType = sourcecode.c.h; path = CDBilling.h; sourceTree = "<group>"; };
		D08720691992F36700D13BA5 /* CDBilling.m */ = {isa = PBXFileReference; fileEncoding = 4; lastKnownFileType = sourcecode.c.objc; path = CDBilling.m; sourceTree = "<group>"; };
		D087206B1992F3AC00D13BA5 /* CDPackage.h */ = {isa = PBXFileReference; fileEncoding = 4; lastKnownFileType = sourcecode.c.h; path = CDPackage.h; sourceTree = "<group>"; };
		D087206C1992F3AC00D13BA5 /* CDPackage.m */ = {isa = PBXFileReference; fileEncoding = 4; lastKnownFileType = sourcecode.c.objc; path = CDPackage.m; sourceTree = "<group>"; };
		D087206E1992F3EE00D13BA5 /* CDContainerManager.h */ = {isa = PBXFileReference; fileEncoding = 4; lastKnownFileType = sourcecode.c.h; path = CDContainerManager.h; sourceTree = "<group>"; };
		D087206F1992F3EE00D13BA5 /* CDContainerManager.m */ = {isa = PBXFileReference; fileEncoding = 4; lastKnownFileType = sourcecode.c.objc; path = CDContainerManager.m; sourceTree = "<group>"; };
		D08720711992F42A00D13BA5 /* CDContainer.h */ = {isa = PBXFileReference; fileEncoding = 4; lastKnownFileType = sourcecode.c.h; path = CDContainer.h; sourceTree = "<group>"; };
		D08720721992F42A00D13BA5 /* CDContainer.m */ = {isa = PBXFileReference; fileEncoding = 4; lastKnownFileType = sourcecode.c.objc; path = CDContainer.m; sourceTree = "<group>"; };
		D08720741992F44500D13BA5 /* CDRoute.h */ = {isa = PBXFileReference; fileEncoding = 4; lastKnownFileType = sourcecode.c.h; path = CDRoute.h; sourceTree = "<group>"; };
		D08720751992F44500D13BA5 /* CDRoute.m */ = {isa = PBXFileReference; fileEncoding = 4; lastKnownFileType = sourcecode.c.objc; path = CDRoute.m; sourceTree = "<group>"; };
		D08720781992F56800D13BA5 /* CDAccessCustomer.h */ = {isa = PBXFileReference; fileEncoding = 4; lastKnownFileType = sourcecode.c.h; path = CDAccessCustomer.h; sourceTree = "<group>"; };
		D08720791992F56800D13BA5 /* CDAccessCustomer.m */ = {isa = PBXFileReference; fileEncoding = 4; lastKnownFileType = sourcecode.c.objc; path = CDAccessCustomer.m; sourceTree = "<group>"; };
		D0B7FE2119A157B900C5CF0A /* CDPerfilViewController.h */ = {isa = PBXFileReference; fileEncoding = 4; lastKnownFileType = sourcecode.c.h; path = CDPerfilViewController.h; sourceTree = "<group>"; };
		D0B7FE2219A157B900C5CF0A /* CDPerfilViewController.m */ = {isa = PBXFileReference; fileEncoding = 4; lastKnownFileType = sourcecode.c.objc; path = CDPerfilViewController.m; sourceTree = "<group>"; };
		D0B7FE2419A177BA00C5CF0A /* CDAccessPackages.h */ = {isa = PBXFileReference; fileEncoding = 4; lastKnownFileType = sourcecode.c.h; path = CDAccessPackages.h; sourceTree = "<group>"; };
		D0B7FE2519A177BA00C5CF0A /* CDAccessPackages.m */ = {isa = PBXFileReference; fileEncoding = 4; lastKnownFileType = sourcecode.c.objc; path = CDAccessPackages.m; sourceTree = "<group>"; };
		D0B7FE2F19A1808000C5CF0A /* CDPackagesListViewController.h */ = {isa = PBXFileReference; fileEncoding = 4; lastKnownFileType = sourcecode.c.h; path = CDPackagesListViewController.h; sourceTree = "<group>"; };
		D0B7FE3019A1808000C5CF0A /* CDPackagesListViewController.m */ = {isa = PBXFileReference; fileEncoding = 4; lastKnownFileType = sourcecode.c.objc; path = CDPackagesListViewController.m; sourceTree = "<group>"; };
		D0E2F6AA19A83553009AF928 /* Images.xcassets */ = {isa = PBXFileReference; lastKnownFileType = folder.assetcatalog; path = Images.xcassets; sourceTree = "<group>"; };
		D0E2F6AC19A835D9009AF928 /* app 2.png */ = {isa = PBXFileReference; lastKnownFileType = image.png; path = "app 2.png"; sourceTree = "<group>"; };
		D0E2F6AE19A835E1009AF928 /* app.png */ = {isa = PBXFileReference; lastKnownFileType = image.png; path = app.png; sourceTree = "<group>"; };
		D0E2F6B019A83638009AF928 /* app 3.png */ = {isa = PBXFileReference; lastKnownFileType = image.png; path = "app 3.png"; sourceTree = "<group>"; };
		D0FFFBE119A00962004AC914 /* PeticionesApi.h */ = {isa = PBXFileReference; fileEncoding = 4; lastKnownFileType = sourcecode.c.h; path = PeticionesApi.h; sourceTree = "<group>"; };
		D0FFFBE219A00962004AC914 /* PeticionesApi.m */ = {isa = PBXFileReference; fileEncoding = 4; lastKnownFileType = sourcecode.c.objc; path = PeticionesApi.m; sourceTree = "<group>"; };
/* End PBXFileReference section */

/* Begin PBXFrameworksBuildPhase section */
		D087201F1992ECA400D13BA5 /* Frameworks */ = {
			isa = PBXFrameworksBuildPhase;
			buildActionMask = 2147483647;
			files = (
				D08720281992ECA400D13BA5 /* CoreGraphics.framework in Frameworks */,
				D087202A1992ECA400D13BA5 /* UIKit.framework in Frameworks */,
				D08720261992ECA400D13BA5 /* Foundation.framework in Frameworks */,
			);
			runOnlyForDeploymentPostprocessing = 0;
		};
		D08720401992ECA400D13BA5 /* Frameworks */ = {
			isa = PBXFrameworksBuildPhase;
			buildActionMask = 2147483647;
			files = (
				D08720451992ECA400D13BA5 /* XCTest.framework in Frameworks */,
				D08720471992ECA400D13BA5 /* UIKit.framework in Frameworks */,
				D08720461992ECA400D13BA5 /* Foundation.framework in Frameworks */,
			);
			runOnlyForDeploymentPostprocessing = 0;
		};
/* End PBXFrameworksBuildPhase section */

/* Begin PBXGroup section */
		D056D25819A5C4B3000BE74C /* Imagenes */ = {
			isa = PBXGroup;
			children = (
				D058B18319A8881E000CEF36 /* package2.png */,
				D0E2F6B019A83638009AF928 /* app 3.png */,
				D0E2F6AC19A835D9009AF928 /* app 2.png */,
				D056D27719A5DD7F000BE74C /* empoyee3.png */,
				D056D26F19A5D635000BE74C /* money.png */,
				D056D25919A5C4D9000BE74C /* camion.png */,
				D056D25B19A5C532000BE74C /* mapa.png */,
				D056D25D19A5C756000BE74C /* wallet.png */,
				D056D25F19A5C7B1000BE74C /* package.png */,
				D056D26119A5C802000BE74C /* user.png */,
				D056D26319A5C8E9000BE74C /* bill.png */,
				D056D26519A5CBB6000BE74C /* employee.png */,
				D0E2F6AE19A835E1009AF928 /* app.png */,
			);
			name = Imagenes;
			sourceTree = "<group>";
		};
		D08622A519A6F1570016FAF5 /* Third Party */ = {
			isa = PBXGroup;
			children = (
				D0FFFBE119A00962004AC914 /* PeticionesApi.h */,
				D0FFFBE219A00962004AC914 /* PeticionesApi.m */,
				D08622A619A6F16C0016FAF5 /* MBProgressHUD.h */,
				D08622A719A6F16C0016FAF5 /* MBProgressHUD.m */,
			);
			name = "Third Party";
			sourceTree = "<group>";
		};
		D08720191992ECA400D13BA5 = {
			isa = PBXGroup;
			children = (
				D087202B1992ECA400D13BA5 /* cargoDispatcher */,
				D087204A1992ECA400D13BA5 /* cargoDispatcherTests */,
				D08720241992ECA400D13BA5 /* Frameworks */,
				D08720231992ECA400D13BA5 /* Products */,
			);
			sourceTree = "<group>";
		};
		D08720231992ECA400D13BA5 /* Products */ = {
			isa = PBXGroup;
			children = (
				D08720221992ECA400D13BA5 /* cargoDispatcher.app */,
				D08720431992ECA400D13BA5 /* cargoDispatcherTests.xctest */,
			);
			name = Products;
			sourceTree = "<group>";
		};
		D08720241992ECA400D13BA5 /* Frameworks */ = {
			isa = PBXGroup;
			children = (
				D08720251992ECA400D13BA5 /* Foundation.framework */,
				D08720271992ECA400D13BA5 /* CoreGraphics.framework */,
				D08720291992ECA400D13BA5 /* UIKit.framework */,
				D08720441992ECA400D13BA5 /* XCTest.framework */,
			);
			name = Frameworks;
			sourceTree = "<group>";
		};
		D087202B1992ECA400D13BA5 /* cargoDispatcher */ = {
			isa = PBXGroup;
			children = (
				D08720771992F4A600D13BA5 /* AccesosWebServer */,
				D087205E1992F27900D13BA5 /* Datos */,
				D087205D1992EFBA00D13BA5 /* ViewControllers */,
				D08720341992ECA400D13BA5 /* AppDelegate.h */,
				D08720351992ECA400D13BA5 /* AppDelegate.m */,
				D08720371992ECA400D13BA5 /* Main.storyboard */,
				D087202C1992ECA400D13BA5 /* Supporting Files */,
			);
			path = cargoDispatcher;
			sourceTree = "<group>";
		};
		D087202C1992ECA400D13BA5 /* Supporting Files */ = {
			isa = PBXGroup;
			children = (
				D08622A519A6F1570016FAF5 /* Third Party */,
				D056D25819A5C4B3000BE74C /* Imagenes */,
				D087202D1992ECA400D13BA5 /* cargoDispatcher-Info.plist */,
				D0E2F6AA19A83553009AF928 /* Images.xcassets */,
				D087202E1992ECA400D13BA5 /* InfoPlist.strings */,
				D08720311992ECA400D13BA5 /* main.m */,
				D08720331992ECA400D13BA5 /* cargoDispatcher-Prefix.pch */,
			);
			name = "Supporting Files";
			sourceTree = "<group>";
		};
		D087204A1992ECA400D13BA5 /* cargoDispatcherTests */ = {
			isa = PBXGroup;
			children = (
				D08720501992ECA400D13BA5 /* cargoDispatcherTests.m */,
				D087204B1992ECA400D13BA5 /* Supporting Files */,
			);
			path = cargoDispatcherTests;
			sourceTree = "<group>";
		};
		D087204B1992ECA400D13BA5 /* Supporting Files */ = {
			isa = PBXGroup;
			children = (
				D087204C1992ECA400D13BA5 /* cargoDispatcherTests-Info.plist */,
				D087204D1992ECA400D13BA5 /* InfoPlist.strings */,
			);
			name = "Supporting Files";
			sourceTree = "<group>";
		};
		D087205D1992EFBA00D13BA5 /* ViewControllers */ = {
			isa = PBXGroup;
			children = (
				D087205A1992EFAE00D13BA5 /* CDLoginViewController.h */,
				D087205B1992EFAE00D13BA5 /* CDLoginViewController.m */,
				D0B7FE2119A157B900C5CF0A /* CDPerfilViewController.h */,
				D0B7FE2219A157B900C5CF0A /* CDPerfilViewController.m */,
				D0B7FE2F19A1808000C5CF0A /* CDPackagesListViewController.h */,
				D0B7FE3019A1808000C5CF0A /* CDPackagesListViewController.m */,
				D056D24519A54A27000BE74C /* CDDetalleViewController.h */,
				D056D24619A54A27000BE74C /* CDDetalleViewController.m */,
				D056D24819A56597000BE74C /* CDLoginEmployeeViewController.h */,
				D056D24919A56597000BE74C /* CDLoginEmployeeViewController.m */,
				D056D24B19A565DD000BE74C /* CDEmployeePerfilViewController.h */,
				D056D24C19A565DD000BE74C /* CDEmployeePerfilViewController.m */,
				D056D24E19A5661A000BE74C /* CDCreatePackageViewController.h */,
				D056D24F19A5661A000BE74C /* CDCreatePackageViewController.m */,
				D056D26919A5D1DA000BE74C /* CDBillingListViewController.h */,
				D056D26A19A5D1DA000BE74C /* CDBillingListViewController.m */,
				D056D26C19A5D4A8000BE74C /* CDBillingDetailsViewController.h */,
				D056D26D19A5D4A8000BE74C /* CDBillingDetailsViewController.m */,
				D056D27419A5D884000BE74C /* CDCreateNewEmployeeViewController.h */,
				D056D27519A5D884000BE74C /* CDCreateNewEmployeeViewController.m */,
			);
			name = ViewControllers;
			sourceTree = "<group>";
		};
		D087205E1992F27900D13BA5 /* Datos */ = {
			isa = PBXGroup;
			children = (
				D08720621992F2E700D13BA5 /* CDEmployee.h */,
				D08720631992F2E700D13BA5 /* CDEmployee.m */,
				D08720651992F30E00D13BA5 /* CDCustomer.h */,
				D08720661992F30E00D13BA5 /* CDCustomer.m */,
				D08720681992F36700D13BA5 /* CDBilling.h */,
				D08720691992F36700D13BA5 /* CDBilling.m */,
				D087206B1992F3AC00D13BA5 /* CDPackage.h */,
				D087206C1992F3AC00D13BA5 /* CDPackage.m */,
				D087206E1992F3EE00D13BA5 /* CDContainerManager.h */,
				D087206F1992F3EE00D13BA5 /* CDContainerManager.m */,
				D08720711992F42A00D13BA5 /* CDContainer.h */,
				D08720721992F42A00D13BA5 /* CDContainer.m */,
				D08720741992F44500D13BA5 /* CDRoute.h */,
				D08720751992F44500D13BA5 /* CDRoute.m */,
				D08622A219A6C4230016FAF5 /* CDContainerRoute.h */,
				D08622A319A6C4230016FAF5 /* CDContainerRoute.m */,
			);
			name = Datos;
			sourceTree = "<group>";
		};
		D08720771992F4A600D13BA5 /* AccesosWebServer */ = {
			isa = PBXGroup;
			children = (
				D08720781992F56800D13BA5 /* CDAccessCustomer.h */,
				D08720791992F56800D13BA5 /* CDAccessCustomer.m */,
				D0B7FE2419A177BA00C5CF0A /* CDAccessPackages.h */,
				D0B7FE2519A177BA00C5CF0A /* CDAccessPackages.m */,
				D056D25119A56798000BE74C /* CDAccessEmployee.h */,
				D056D25219A56798000BE74C /* CDAccessEmployee.m */,
				D056D25419A5C1CB000BE74C /* CDAccessBilling.h */,
				D056D25519A5C1CB000BE74C /* CDAccessBilling.m */,
				D086229F19A6C1C20016FAF5 /* CDAccessContainers.h */,
				D08622A019A6C1C20016FAF5 /* CDAccessContainers.m */,
			);
			name = AccesosWebServer;
			sourceTree = "<group>";
		};
/* End PBXGroup section */

/* Begin PBXNativeTarget section */
		D08720211992ECA400D13BA5 /* cargoDispatcher */ = {
			isa = PBXNativeTarget;
			buildConfigurationList = D08720541992ECA400D13BA5 /* Build configuration list for PBXNativeTarget "cargoDispatcher" */;
			buildPhases = (
				D087201E1992ECA400D13BA5 /* Sources */,
				D087201F1992ECA400D13BA5 /* Frameworks */,
				D08720201992ECA400D13BA5 /* Resources */,
			);
			buildRules = (
			);
			dependencies = (
			);
			name = cargoDispatcher;
			productName = cargoDispatcher;
			productReference = D08720221992ECA400D13BA5 /* cargoDispatcher.app */;
			productType = "com.apple.product-type.application";
		};
		D08720421992ECA400D13BA5 /* cargoDispatcherTests */ = {
			isa = PBXNativeTarget;
			buildConfigurationList = D08720571992ECA400D13BA5 /* Build configuration list for PBXNativeTarget "cargoDispatcherTests" */;
			buildPhases = (
				D087203F1992ECA400D13BA5 /* Sources */,
				D08720401992ECA400D13BA5 /* Frameworks */,
				D08720411992ECA400D13BA5 /* Resources */,
			);
			buildRules = (
			);
			dependencies = (
				D08720491992ECA400D13BA5 /* PBXTargetDependency */,
			);
			name = cargoDispatcherTests;
			productName = cargoDispatcherTests;
			productReference = D08720431992ECA400D13BA5 /* cargoDispatcherTests.xctest */;
			productType = "com.apple.product-type.bundle.unit-test";
		};
/* End PBXNativeTarget section */

/* Begin PBXProject section */
		D087201A1992ECA400D13BA5 /* Project object */ = {
			isa = PBXProject;
			attributes = {
				LastUpgradeCheck = 0510;
				ORGANIZATIONNAME = "Macbook Air";
				TargetAttributes = {
					D08720421992ECA400D13BA5 = {
						TestTargetID = D08720211992ECA400D13BA5;
					};
				};
			};
			buildConfigurationList = D087201D1992ECA400D13BA5 /* Build configuration list for PBXProject "cargoDispatcher" */;
			compatibilityVersion = "Xcode 3.2";
			developmentRegion = English;
			hasScannedForEncodings = 0;
			knownRegions = (
				en,
				Base,
			);
			mainGroup = D08720191992ECA400D13BA5;
			productRefGroup = D08720231992ECA400D13BA5 /* Products */;
			projectDirPath = "";
			projectRoot = "";
			targets = (
				D08720211992ECA400D13BA5 /* cargoDispatcher */,
				D08720421992ECA400D13BA5 /* cargoDispatcherTests */,
			);
		};
/* End PBXProject section */

/* Begin PBXResourcesBuildPhase section */
		D08720201992ECA400D13BA5 /* Resources */ = {
			isa = PBXResourcesBuildPhase;
			buildActionMask = 2147483647;
			files = (
				D056D25A19A5C4D9000BE74C /* camion.png in Resources */,
				D056D26019A5C7B1000BE74C /* package.png in Resources */,
				D056D26419A5C8E9000BE74C /* bill.png in Resources */,
				D056D26619A5CBB6000BE74C /* employee.png in Resources */,
				D0E2F6B119A83638009AF928 /* app 3.png in Resources */,
				D056D26219A5C802000BE74C /* user.png in Resources */,
				D0E2F6AF19A835E1009AF928 /* app.png in Resources */,
				D056D25C19A5C532000BE74C /* mapa.png in Resources */,
				D056D27019A5D635000BE74C /* money.png in Resources */,
				D08720301992ECA400D13BA5 /* InfoPlist.strings in Resources */,
				D056D25E19A5C756000BE74C /* wallet.png in Resources */,
				D0E2F6AB19A83553009AF928 /* Images.xcassets in Resources */,
				D08720391992ECA400D13BA5 /* Main.storyboard in Resources */,
				D058B18419A8881E000CEF36 /* package2.png in Resources */,
				D0E2F6AD19A835D9009AF928 /* app 2.png in Resources */,
				D056D27819A5DD7F000BE74C /* empoyee3.png in Resources */,
			);
			runOnlyForDeploymentPostprocessing = 0;
		};
		D08720411992ECA400D13BA5 /* Resources */ = {
			isa = PBXResourcesBuildPhase;
			buildActionMask = 2147483647;
			files = (
				D087204F1992ECA400D13BA5 /* InfoPlist.strings in Resources */,
			);
			runOnlyForDeploymentPostprocessing = 0;
		};
/* End PBXResourcesBuildPhase section */

/* Begin PBXSourcesBuildPhase section */
		D087201E1992ECA400D13BA5 /* Sources */ = {
			isa = PBXSourcesBuildPhase;
			buildActionMask = 2147483647;
			files = (
				D056D24A19A56597000BE74C /* CDLoginEmployeeViewController.m in Sources */,
				D0B7FE2319A157B900C5CF0A /* CDPerfilViewController.m in Sources */,
				D087206A1992F36700D13BA5 /* CDBilling.m in Sources */,
				D087206D1992F3AC00D13BA5 /* CDPackage.m in Sources */,
				D0B7FE2619A177BA00C5CF0A /* CDAccessPackages.m in Sources */,
				D087207A1992F56800D13BA5 /* CDAccessCustomer.m in Sources */,
				D056D24719A54A27000BE74C /* CDDetalleViewController.m in Sources */,
				D056D26B19A5D1DA000BE74C /* CDBillingListViewController.m in Sources */,
				D08622A119A6C1C20016FAF5 /* CDAccessContainers.m in Sources */,
				D0B7FE3119A1808000C5CF0A /* CDPackagesListViewController.m in Sources */,
				D056D27619A5D884000BE74C /* CDCreateNewEmployeeViewController.m in Sources */,
				D056D25019A5661A000BE74C /* CDCreatePackageViewController.m in Sources */,
				D08720641992F2E700D13BA5 /* CDEmployee.m in Sources */,
				D08622A819A6F16C0016FAF5 /* MBProgressHUD.m in Sources */,
				D056D26E19A5D4A8000BE74C /* CDBillingDetailsViewController.m in Sources */,
				D056D25319A56798000BE74C /* CDAccessEmployee.m in Sources */,
				D08720701992F3EE00D13BA5 /* CDContainerManager.m in Sources */,
				D08622A419A6C4230016FAF5 /* CDContainerRoute.m in Sources */,
				D056D24D19A565DD000BE74C /* CDEmployeePerfilViewController.m in Sources */,
				D08720361992ECA400D13BA5 /* AppDelegate.m in Sources */,
				D08720761992F44500D13BA5 /* CDRoute.m in Sources */,
				D056D25619A5C1CB000BE74C /* CDAccessBilling.m in Sources */,
				D08720321992ECA400D13BA5 /* main.m in Sources */,
				D08720731992F42A00D13BA5 /* CDContainer.m in Sources */,
				D0FFFBE319A00962004AC914 /* PeticionesApi.m in Sources */,
				D087205C1992EFAE00D13BA5 /* CDLoginViewController.m in Sources */,
				D08720671992F30E00D13BA5 /* CDCustomer.m in Sources */,
			);
			runOnlyForDeploymentPostprocessing = 0;
		};
		D087203F1992ECA400D13BA5 /* Sources */ = {
			isa = PBXSourcesBuildPhase;
			buildActionMask = 2147483647;
			files = (
				D08720511992ECA400D13BA5 /* cargoDispatcherTests.m in Sources */,
			);
			runOnlyForDeploymentPostprocessing = 0;
		};
/* End PBXSourcesBuildPhase section */

/* Begin PBXTargetDependency section */
		D08720491992ECA400D13BA5 /* PBXTargetDependency */ = {
			isa = PBXTargetDependency;
			target = D08720211992ECA400D13BA5 /* cargoDispatcher */;
			targetProxy = D08720481992ECA400D13BA5 /* PBXContainerItemProxy */;
		};
/* End PBXTargetDependency section */

/* Begin PBXVariantGroup section */
		D087202E1992ECA400D13BA5 /* InfoPlist.strings */ = {
			isa = PBXVariantGroup;
			children = (
				D087202F1992ECA400D13BA5 /* en */,
			);
			name = InfoPlist.strings;
			sourceTree = "<group>";
		};
		D08720371992ECA400D13BA5 /* Main.storyboard */ = {
			isa = PBXVariantGroup;
			children = (
				D08720381992ECA400D13BA5 /* Base */,
			);
			name = Main.storyboard;
			sourceTree = "<group>";
		};
		D087204D1992ECA400D13BA5 /* InfoPlist.strings */ = {
			isa = PBXVariantGroup;
			children = (
				D087204E1992ECA400D13BA5 /* en */,
			);
			name = InfoPlist.strings;
			sourceTree = "<group>";
		};
/* End PBXVariantGroup section */

/* Begin XCBuildConfiguration section */
		D08720521992ECA400D13BA5 /* Debug */ = {
			isa = XCBuildConfiguration;
			buildSettings = {
				ALWAYS_SEARCH_USER_PATHS = NO;
				CLANG_CXX_LANGUAGE_STANDARD = "gnu++0x";
				CLANG_CXX_LIBRARY = "libc++";
				CLANG_ENABLE_MODULES = YES;
				CLANG_ENABLE_OBJC_ARC = YES;
				CLANG_WARN_BOOL_CONVERSION = YES;
				CLANG_WARN_CONSTANT_CONVERSION = YES;
				CLANG_WARN_DIRECT_OBJC_ISA_USAGE = YES_ERROR;
				CLANG_WARN_EMPTY_BODY = YES;
				CLANG_WARN_ENUM_CONVERSION = YES;
				CLANG_WARN_INT_CONVERSION = YES;
				CLANG_WARN_OBJC_ROOT_CLASS = YES_ERROR;
				CLANG_WARN__DUPLICATE_METHOD_MATCH = YES;
				"CODE_SIGN_IDENTITY[sdk=iphoneos*]" = "iPhone Developer";
				COPY_PHASE_STRIP = NO;
				GCC_C_LANGUAGE_STANDARD = gnu99;
				GCC_DYNAMIC_NO_PIC = NO;
				GCC_OPTIMIZATION_LEVEL = 0;
				GCC_PREPROCESSOR_DEFINITIONS = (
					"DEBUG=1",
					"$(inherited)",
				);
				GCC_SYMBOLS_PRIVATE_EXTERN = NO;
				GCC_WARN_64_TO_32_BIT_CONVERSION = YES;
				GCC_WARN_ABOUT_RETURN_TYPE = YES_ERROR;
				GCC_WARN_UNDECLARED_SELECTOR = YES;
				GCC_WARN_UNINITIALIZED_AUTOS = YES_AGGRESSIVE;
				GCC_WARN_UNUSED_FUNCTION = YES;
				GCC_WARN_UNUSED_VARIABLE = YES;
				IPHONEOS_DEPLOYMENT_TARGET = 7.1;
				ONLY_ACTIVE_ARCH = YES;
				SDKROOT = iphoneos;
			};
			name = Debug;
		};
		D08720531992ECA400D13BA5 /* Release */ = {
			isa = XCBuildConfiguration;
			buildSettings = {
				ALWAYS_SEARCH_USER_PATHS = NO;
				CLANG_CXX_LANGUAGE_STANDARD = "gnu++0x";
				CLANG_CXX_LIBRARY = "libc++";
				CLANG_ENABLE_MODULES = YES;
				CLANG_ENABLE_OBJC_ARC = YES;
				CLANG_WARN_BOOL_CONVERSION = YES;
				CLANG_WARN_CONSTANT_CONVERSION = YES;
				CLANG_WARN_DIRECT_OBJC_ISA_USAGE = YES_ERROR;
				CLANG_WARN_EMPTY_BODY = YES;
				CLANG_WARN_ENUM_CONVERSION = YES;
				CLANG_WARN_INT_CONVERSION = YES;
				CLANG_WARN_OBJC_ROOT_CLASS = YES_ERROR;
				CLANG_WARN__DUPLICATE_METHOD_MATCH = YES;
				"CODE_SIGN_IDENTITY[sdk=iphoneos*]" = "iPhone Developer";
				COPY_PHASE_STRIP = YES;
				ENABLE_NS_ASSERTIONS = NO;
				GCC_C_LANGUAGE_STANDARD = gnu99;
				GCC_WARN_64_TO_32_BIT_CONVERSION = YES;
				GCC_WARN_ABOUT_RETURN_TYPE = YES_ERROR;
				GCC_WARN_UNDECLARED_SELECTOR = YES;
				GCC_WARN_UNINITIALIZED_AUTOS = YES_AGGRESSIVE;
				GCC_WARN_UNUSED_FUNCTION = YES;
				GCC_WARN_UNUSED_VARIABLE = YES;
				IPHONEOS_DEPLOYMENT_TARGET = 7.1;
				SDKROOT = iphoneos;
				VALIDATE_PRODUCT = YES;
			};
			name = Release;
		};
		D08720551992ECA400D13BA5 /* Debug */ = {
			isa = XCBuildConfiguration;
			buildSettings = {
				ASSETCATALOG_COMPILER_LAUNCHIMAGE_NAME = LaunchImage;
				GCC_PRECOMPILE_PREFIX_HEADER = YES;
				GCC_PREFIX_HEADER = "cargoDispatcher/cargoDispatcher-Prefix.pch";
				INFOPLIST_FILE = "cargoDispatcher/cargoDispatcher-Info.plist";
				PRODUCT_NAME = "$(TARGET_NAME)";
				WRAPPER_EXTENSION = app;
			};
			name = Debug;
		};
		D08720561992ECA400D13BA5 /* Release */ = {
			isa = XCBuildConfiguration;
			buildSettings = {
				ASSETCATALOG_COMPILER_LAUNCHIMAGE_NAME = LaunchImage;
				GCC_PRECOMPILE_PREFIX_HEADER = YES;
				GCC_PREFIX_HEADER = "cargoDispatcher/cargoDispatcher-Prefix.pch";
				INFOPLIST_FILE = "cargoDispatcher/cargoDispatcher-Info.plist";
				PRODUCT_NAME = "$(TARGET_NAME)";
				WRAPPER_EXTENSION = app;
			};
			name = Release;
		};
		D08720581992ECA400D13BA5 /* Debug */ = {
			isa = XCBuildConfiguration;
			buildSettings = {
				BUNDLE_LOADER = "$(BUILT_PRODUCTS_DIR)/cargoDispatcher.app/cargoDispatcher";
				FRAMEWORK_SEARCH_PATHS = (
					"$(SDKROOT)/Developer/Library/Frameworks",
					"$(inherited)",
					"$(DEVELOPER_FRAMEWORKS_DIR)",
				);
				GCC_PRECOMPILE_PREFIX_HEADER = YES;
				GCC_PREFIX_HEADER = "cargoDispatcher/cargoDispatcher-Prefix.pch";
				GCC_PREPROCESSOR_DEFINITIONS = (
					"DEBUG=1",
					"$(inherited)",
				);
				INFOPLIST_FILE = "cargoDispatcherTests/cargoDispatcherTests-Info.plist";
				PRODUCT_NAME = "$(TARGET_NAME)";
				TEST_HOST = "$(BUNDLE_LOADER)";
				WRAPPER_EXTENSION = xctest;
			};
			name = Debug;
		};
		D08720591992ECA400D13BA5 /* Release */ = {
			isa = XCBuildConfiguration;
			buildSettings = {
				BUNDLE_LOADER = "$(BUILT_PRODUCTS_DIR)/cargoDispatcher.app/cargoDispatcher";
				FRAMEWORK_SEARCH_PATHS = (
					"$(SDKROOT)/Developer/Library/Frameworks",
					"$(inherited)",
					"$(DEVELOPER_FRAMEWORKS_DIR)",
				);
				GCC_PRECOMPILE_PREFIX_HEADER = YES;
				GCC_PREFIX_HEADER = "cargoDispatcher/cargoDispatcher-Prefix.pch";
				INFOPLIST_FILE = "cargoDispatcherTests/cargoDispatcherTests-Info.plist";
				PRODUCT_NAME = "$(TARGET_NAME)";
				TEST_HOST = "$(BUNDLE_LOADER)";
				WRAPPER_EXTENSION = xctest;
			};
			name = Release;
		};
/* End XCBuildConfiguration section */

/* Begin XCConfigurationList section */
		D087201D1992ECA400D13BA5 /* Build configuration list for PBXProject "cargoDispatcher" */ = {
			isa = XCConfigurationList;
			buildConfigurations = (
				D08720521992ECA400D13BA5 /* Debug */,
				D08720531992ECA400D13BA5 /* Release */,
			);
			defaultConfigurationIsVisible = 0;
			defaultConfigurationName = Release;
		};
		D08720541992ECA400D13BA5 /* Build configuration list for PBXNativeTarget "cargoDispatcher" */ = {
			isa = XCConfigurationList;
			buildConfigurations = (
				D08720551992ECA400D13BA5 /* Debug */,
				D08720561992ECA400D13BA5 /* Release */,
			);
			defaultConfigurationIsVisible = 0;
			defaultConfigurationName = Release;
		};
		D08720571992ECA400D13BA5 /* Build configuration list for PBXNativeTarget "cargoDispatcherTests" */ = {
			isa = XCConfigurationList;
			buildConfigurations = (
				D08720581992ECA400D13BA5 /* Debug */,
				D08720591992ECA400D13BA5 /* Release */,
			);
			defaultConfigurationIsVisible = 0;
			defaultConfigurationName = Release;
		};
/* End XCConfigurationList section */
	};
	rootObject = D087201A1992ECA400D13BA5 /* Project object */;
}
